
Microsoft Visual Studio Solution File, Format Version 12.00
# Visual Studio 14
VisualStudioVersion = 14.0.25420.1
MinimumVisualStudioVersion = 10.0.40219.1
Project("{FAE04EC0-301F-11D3-BF4B-00C04F79EFBC}") = "SDK", "SDK\SDK.csproj", "{7B5E138B-EA31-41C3-A18E-32F01C434F48}"
EndProject
Project("{FAE04EC0-301F-11D3-BF4B-00C04F79EFBC}") = "RuntimeModule", "RuntimeModule\RuntimeModule.csproj", "{65B73AE6-6D34-4103-BFEA-27A648C03AED}"
EndProject
Project("{FAE04EC0-301F-11D3-BF4B-00C04F79EFBC}") = "Infrastructure", "Infrastructure\Infrastructure.csproj", "{E77151DC-DF6B-40C5-AFFD-A1900A2E0980}"
EndProject
Project("{FAE04EC0-301F-11D3-BF4B-00C04F79EFBC}") = "Shell", "Shell\Shell.csproj", "{5F983883-F414-40D9-9406-0917F1F24729}"
EndProject
Project("{FAE04EC0-301F-11D3-BF4B-00C04F79EFBC}") = "DemoProduct1", "DemoProduct1\DemoProduct1.csproj", "{78BCB6C5-6C84-4642-8CEE-D06998D40525}"
EndProject
Project("{FAE04EC0-301F-11D3-BF4B-00C04F79EFBC}") = "DemoProduct2", "DemoProduct2\DemoProduct2.csproj", "{E068AE9D-9B69-406A-AD47-7476E9F0BD56}"
EndProject
Project("{FAE04EC0-301F-11D3-BF4B-00C04F79EFBC}") = "TestSDK", "TestSDK\TestSDK.csproj", "{9AA9F433-BDE3-45C6-BD56-D1E5142F97B2}"
EndProject
Global
	GlobalSection(SolutionConfigurationPlatforms) = preSolution
		Debug|Any CPU = Debug|Any CPU
		DebugNet4.0|Any CPU = DebugNet4.0|Any CPU
		Release|Any CPU = Release|Any CPU
	EndGlobalSection
	GlobalSection(ProjectConfigurationPlatforms) = postSolution
		{7B5E138B-EA31-41C3-A18E-32F01C434F48}.Debug|Any CPU.ActiveCfg = Debug|Any CPU
		{7B5E138B-EA31-41C3-A18E-32F01C434F48}.Debug|Any CPU.Build.0 = Debug|Any CPU
		{7B5E138B-EA31-41C3-A18E-32F01C434F48}.DebugNet4.0|Any CPU.ActiveCfg = DebugNet4.0|Any CPU
		{7B5E138B-EA31-41C3-A18E-32F01C434F48}.DebugNet4.0|Any CPU.Build.0 = DebugNet4.0|Any CPU
		{7B5E138B-EA31-41C3-A18E-32F01C434F48}.Release|Any CPU.ActiveCfg = Release|Any CPU
		{7B5E138B-EA31-41C3-A18E-32F01C434F48}.Release|Any CPU.Build.0 = Release|Any CPU
		{65B73AE6-6D34-4103-BFEA-27A648C03AED}.Debug|Any CPU.ActiveCfg = Debug|Any CPU
		{65B73AE6-6D34-4103-BFEA-27A648C03AED}.Debug|Any CPU.Build.0 = Debug|Any CPU
		{65B73AE6-6D34-4103-BFEA-27A648C03AED}.DebugNet4.0|Any CPU.ActiveCfg = Debug|Any CPU
		{65B73AE6-6D34-4103-BFEA-27A648C03AED}.DebugNet4.0|Any CPU.Build.0 = Debug|Any CPU
		{65B73AE6-6D34-4103-BFEA-27A648C03AED}.Release|Any CPU.ActiveCfg = Release|Any CPU
		{65B73AE6-6D34-4103-BFEA-27A648C03AED}.Release|Any CPU.Build.0 = Release|Any CPU
		{E77151DC-DF6B-40C5-AFFD-A1900A2E0980}.Debug|Any CPU.ActiveCfg = Debug|Any CPU
		{E77151DC-DF6B-40C5-AFFD-A1900A2E0980}.Debug|Any CPU.Build.0 = Debug|Any CPU
		{E77151DC-DF6B-40C5-AFFD-A1900A2E0980}.DebugNet4.0|Any CPU.ActiveCfg = Debug|Any CPU
		{E77151DC-DF6B-40C5-AFFD-A1900A2E0980}.DebugNet4.0|Any CPU.Build.0 = Debug|Any CPU
		{E77151DC-DF6B-40C5-AFFD-A1900A2E0980}.Release|Any CPU.ActiveCfg = Release|Any CPU
		{E77151DC-DF6B-40C5-AFFD-A1900A2E0980}.Release|Any CPU.Build.0 = Release|Any CPU
		{5F983883-F414-40D9-9406-0917F1F24729}.Debug|Any CPU.ActiveCfg = Debug|Any CPU
		{5F983883-F414-40D9-9406-0917F1F24729}.Debug|Any CPU.Build.0 = Debug|Any CPU
		{5F983883-F414-40D9-9406-0917F1F24729}.DebugNet4.0|Any CPU.ActiveCfg = Debug|Any CPU
		{5F983883-F414-40D9-9406-0917F1F24729}.DebugNet4.0|Any CPU.Build.0 = Debug|Any CPU
		{5F983883-F414-40D9-9406-0917F1F24729}.Release|Any CPU.ActiveCfg = Release|Any CPU
		{5F983883-F414-40D9-9406-0917F1F24729}.Release|Any CPU.Build.0 = Release|Any CPU
		{78BCB6C5-6C84-4642-8CEE-D06998D40525}.Debug|Any CPU.ActiveCfg = Debug|Any CPU
		{78BCB6C5-6C84-4642-8CEE-D06998D40525}.Debug|Any CPU.Build.0 = Debug|Any CPU
		{78BCB6C5-6C84-4642-8CEE-D06998D40525}.DebugNet4.0|Any CPU.ActiveCfg = Debug|Any CPU
		{78BCB6C5-6C84-4642-8CEE-D06998D40525}.DebugNet4.0|Any CPU.Build.0 = Debug|Any CPU
		{78BCB6C5-6C84-4642-8CEE-D06998D40525}.Release|Any CPU.ActiveCfg = Release|Any CPU
		{78BCB6C5-6C84-4642-8CEE-D06998D40525}.Release|Any CPU.Build.0 = Release|Any CPU
		{E068AE9D-9B69-406A-AD47-7476E9F0BD56}.Debug|Any CPU.ActiveCfg = Debug|Any CPU
		{E068AE9D-9B69-406A-AD47-7476E9F0BD56}.Debug|Any CPU.Build.0 = Debug|Any CPU
		{E068AE9D-9B69-406A-AD47-7476E9F0BD56}.DebugNet4.0|Any CPU.ActiveCfg = Debug|Any CPU
		{E068AE9D-9B69-406A-AD47-7476E9F0BD56}.DebugNet4.0|Any CPU.Build.0 = Debug|Any CPU
		{E068AE9D-9B69-406A-AD47-7476E9F0BD56}.Release|Any CPU.ActiveCfg = Release|Any CPU
		{E068AE9D-9B69-406A-AD47-7476E9F0BD56}.Release|Any CPU.Build.0 = Release|Any CPU
		{9AA9F433-BDE3-45C6-BD56-D1E5142F97B2}.Debug|Any CPU.ActiveCfg = Debug|Any CPU
		{9AA9F433-BDE3-45C6-BD56-D1E5142F97B2}.Debug|Any CPU.Build.0 = Debug|Any CPU
		{9AA9F433-BDE3-45C6-BD56-D1E5142F97B2}.DebugNet4.0|Any CPU.ActiveCfg = Debug|Any CPU
		{9AA9F433-BDE3-45C6-BD56-D1E5142F97B2}.DebugNet4.0|Any CPU.Build.0 = Debug|Any CPU
		{9AA9F433-BDE3-45C6-BD56-D1E5142F97B2}.Release|Any CPU.ActiveCfg = Release|Any CPU
		{9AA9F433-BDE3-45C6-BD56-D1E5142F97B2}.Release|Any CPU.Build.0 = Release|Any CPU
	EndGlobalSection
	GlobalSection(SolutionProperties) = preSolution
		HideSolutionNode = FALSE
	EndGlobalSection
EndGlobal
